
Microsoft Visual Studio Solution File, Format Version 12.00
# Visual Studio Version 16
VisualStudioVersion = 16.0.32602.291
MinimumVisualStudioVersion = 10.0.40219.1
Project("{9A19103F-16F7-4668-BE54-9A1E7A4F7556}") = "Authing.Guard.WPF", "Authing.Guard.WPF\Authing.Guard.WPF.csproj", "{A6D1AC12-8806-4315-AF57-1F70969C8BBE}"
EndProject
Project("{FAE04EC0-301F-11D3-BF4B-00C04F79EFBC}") = "Authing.Guard.WPF.Test", "Authing.Guard.WPF.Test\Authing.Guard.WPF.Test.csproj", "{638B5E6A-2BA2-4D20-96FD-B587D4D917A7}"
EndProject
Global
	GlobalSection(SolutionConfigurationPlatforms) = preSolution
		Debug|Any CPU = Debug|Any CPU
		Release|Any CPU = Release|Any CPU
	EndGlobalSection
	GlobalSection(ProjectConfigurationPlatforms) = postSolution
		{A6D1AC12-8806-4315-AF57-1F70969C8BBE}.Debug|Any CPU.ActiveCfg = Debug|Any CPU
		{A6D1AC12-8806-4315-AF57-1F70969C8BBE}.Debug|Any CPU.Build.0 = Debug|Any CPU
		{A6D1AC12-8806-4315-AF57-1F70969C8BBE}.Release|Any CPU.ActiveCfg = Release|Any CPU
		{A6D1AC12-8806-4315-AF57-1F70969C8BBE}.Release|Any CPU.Build.0 = Release|Any CPU
		{638B5E6A-2BA2-4D20-96FD-B587D4D917A7}.Debug|Any CPU.ActiveCfg = Debug|Any CPU
		{638B5E6A-2BA2-4D20-96FD-B587D4D917A7}.Debug|Any CPU.Build.0 = Debug|Any CPU
		{638B5E6A-2BA2-4D20-96FD-B587D4D917A7}.Release|Any CPU.ActiveCfg = Release|Any CPU
		{638B5E6A-2BA2-4D20-96FD-B587D4D917A7}.Release|Any CPU.Build.0 = Release|Any CPU
	EndGlobalSection
	GlobalSection(SolutionProperties) = preSolution
		HideSolutionNode = FALSE
	EndGlobalSection
	GlobalSection(ExtensibilityGlobals) = postSolution
		SolutionGuid = {60C8701B-C342-418C-A4CF-88D65A1F454F}
	EndGlobalSection
EndGlobal
